// !$*UTF8*$!
{
	archiveVersion = 1;
	classes = {
	};
	objectVersion = 50;
	objects = {

/* Begin PBXBuildFile section */
		2BB14ED721CBB082008A9EA2 /* AppDelegate.m in Sources */ = {isa = PBXBuildFile; fileRef = 2BB14ED621CBB082008A9EA2 /* AppDelegate.m */; };
		2BB14EDA21CBB082008A9EA2 /* ViewController.m in Sources */ = {isa = PBXBuildFile; fileRef = 2BB14ED921CBB082008A9EA2 /* ViewController.m */; settings = {COMPILER_FLAGS = "-fno-objc-arc"; }; };
		2BB14EDD21CBB082008A9EA2 /* Main.storyboard in Resources */ = {isa = PBXBuildFile; fileRef = 2BB14EDB21CBB082008A9EA2 /* Main.storyboard */; };
		2BB14EDF21CBB084008A9EA2 /* Assets.xcassets in Resources */ = {isa = PBXBuildFile; fileRef = 2BB14EDE21CBB084008A9EA2 /* Assets.xcassets */; };
		2BB14EE221CBB084008A9EA2 /* LaunchScreen.storyboard in Resources */ = {isa = PBXBuildFile; fileRef = 2BB14EE021CBB084008A9EA2 /* LaunchScreen.storyboard */; };
		2BB14EE521CBB084008A9EA2 /* main.m in Sources */ = {isa = PBXBuildFile; fileRef = 2BB14EE421CBB084008A9EA2 /* main.m */; };
		2BB14EEE21CBB7F5008A9EA2 /* ZYXWildPointerTool.m in Sources */ = {isa = PBXBuildFile; fileRef = 2BB14EED21CBB7F5008A9EA2 /* ZYXWildPointerTool.m */; settings = {COMPILER_FLAGS = "-fno-objc-arc"; }; };
		2BB14EF121CBBB87008A9EA2 /* fishhook.c in Sources */ = {isa = PBXBuildFile; fileRef = 2BB14EF021CBBB87008A9EA2 /* fishhook.c */; };
		2BB14F0021CD00DE008A9EA2 /* ZYXQueue.c in Sources */ = {isa = PBXBuildFile; fileRef = 2BB14EFF21CD00DE008A9EA2 /* ZYXQueue.c */; };
/* End PBXBuildFile section */

/* Begin PBXFileReference section */
		2BB14ED221CBB082008A9EA2 /* WildPointer.app */ = {isa = PBXFileReference; explicitFileType = wrapper.application; includeInIndex = 0; path = WildPointer.app; sourceTree = BUILT_PRODUCTS_DIR; };
		2BB14ED521CBB082008A9EA2 /* AppDelegate.h */ = {isa = PBXFileReference; lastKnownFileType = sourcecode.c.h; path = AppDelegate.h; sourceTree = "<group>"; };
		2BB14ED621CBB082008A9EA2 /* AppDelegate.m */ = {isa = PBXFileReference; lastKnownFileType = sourcecode.c.objc; path = AppDelegate.m; sourceTree = "<group>"; };
		2BB14ED821CBB082008A9EA2 /* ViewController.h */ = {isa = PBXFileReference; lastKnownFileType = sourcecode.c.h; path = ViewController.h; sourceTree = "<group>"; };
		2BB14ED921CBB082008A9EA2 /* ViewController.m */ = {isa = PBXFileReference; lastKnownFileType = sourcecode.c.objc; path = ViewController.m; sourceTree = "<group>"; };
		2BB14EDC21CBB082008A9EA2 /* Base */ = {isa = PBXFileReference; lastKnownFileType = file.storyboard; name = Base; path = Base.lproj/Main.storyboard; sourceTree = "<group>"; };
		2BB14EDE21CBB084008A9EA2 /* Assets.xcassets */ = {isa = PBXFileReference; lastKnownFileType = folder.assetcatalog; path = Assets.xcassets; sourceTree = "<group>"; };
		2BB14EE121CBB084008A9EA2 /* Base */ = {isa = PBXFileReference; lastKnownFileType = file.storyboard; name = Base; path = Base.lproj/LaunchScreen.storyboard; sourceTree = "<group>"; };
		2BB14EE321CBB084008A9EA2 /* Info.plist */ = {isa = PBXFileReference; lastKnownFileType = text.plist.xml; path = Info.plist; sourceTree = "<group>"; };
		2BB14EE421CBB084008A9EA2 /* main.m */ = {isa = PBXFileReference; lastKnownFileType = sourcecode.c.objc; path = main.m; sourceTree = "<group>"; };
		2BB14EEC21CBB7F5008A9EA2 /* ZYXWildPointerTool.h */ = {isa = PBXFileReference; lastKnownFileType = sourcecode.c.h; path = ZYXWildPointerTool.h; sourceTree = "<group>"; };
		2BB14EED21CBB7F5008A9EA2 /* ZYXWildPointerTool.m */ = {isa = PBXFileReference; lastKnownFileType = sourcecode.c.objc; path = ZYXWildPointerTool.m; sourceTree = "<group>"; };
		2BB14EEF21CBBB87008A9EA2 /* fishhook.h */ = {isa = PBXFileReference; fileEncoding = 4; lastKnownFileType = sourcecode.c.h; path = fishhook.h; sourceTree = "<group>"; };
		2BB14EF021CBBB87008A9EA2 /* fishhook.c */ = {isa = PBXFileReference; fileEncoding = 4; lastKnownFileType = sourcecode.c.c; path = fishhook.c; sourceTree = "<group>"; };
		2BB14EFE21CD00DE008A9EA2 /* ZYXQueue.h */ = {isa = PBXFileReference; lastKnownFileType = sourcecode.c.h; path = ZYXQueue.h; sourceTree = "<group>"; };
		2BB14EFF21CD00DE008A9EA2 /* ZYXQueue.c */ = {isa = PBXFileReference; lastKnownFileType = sourcecode.c.c; path = ZYXQueue.c; sourceTree = "<group>"; };
/* End PBXFileReference section */

/* Begin PBXFrameworksBuildPhase section */
		2BB14ECF21CBB082008A9EA2 /* Frameworks */ = {
			isa = PBXFrameworksBuildPhase;
			buildActionMask = 2147483647;
			files = (
			);
			runOnlyForDeploymentPostprocessing = 0;
		};
/* End PBXFrameworksBuildPhase section */

/* Begin PBXGroup section */
		2BB14EC921CBB082008A9EA2 = {
			isa = PBXGroup;
			children = (
				2BB14ED421CBB082008A9EA2 /* WildPointer */,
				2BB14ED321CBB082008A9EA2 /* Products */,
			);
			sourceTree = "<group>";
		};
		2BB14ED321CBB082008A9EA2 /* Products */ = {
			isa = PBXGroup;
			children = (
				2BB14ED221CBB082008A9EA2 /* WildPointer.app */,
			);
			name = Products;
			sourceTree = "<group>";
		};
		2BB14ED421CBB082008A9EA2 /* WildPointer */ = {
			isa = PBXGroup;
			children = (
				2BB14EEB21CBB7AA008A9EA2 /* ZYXWildPointer */,
				2BB14ED521CBB082008A9EA2 /* AppDelegate.h */,
				2BB14ED621CBB082008A9EA2 /* AppDelegate.m */,
				2BB14ED821CBB082008A9EA2 /* ViewController.h */,
				2BB14ED921CBB082008A9EA2 /* ViewController.m */,
				2BB14EDB21CBB082008A9EA2 /* Main.storyboard */,
				2BB14EDE21CBB084008A9EA2 /* Assets.xcassets */,
				2BB14EE021CBB084008A9EA2 /* LaunchScreen.storyboard */,
				2BB14EE321CBB084008A9EA2 /* Info.plist */,
				2BB14EE421CBB084008A9EA2 /* main.m */,
			);
			path = WildPointer;
			sourceTree = "<group>";
		};
		2BB14EEB21CBB7AA008A9EA2 /* ZYXWildPointer */ = {
			isa = PBXGroup;
			children = (
				2BB14EEF21CBBB87008A9EA2 /* fishhook.h */,
				2BB14EF021CBBB87008A9EA2 /* fishhook.c */,
				2BB14EEC21CBB7F5008A9EA2 /* ZYXWildPointerTool.h */,
				2BB14EED21CBB7F5008A9EA2 /* ZYXWildPointerTool.m */,
				2BB14EFE21CD00DE008A9EA2 /* ZYXQueue.h */,
				2BB14EFF21CD00DE008A9EA2 /* ZYXQueue.c */,
			);
			path = ZYXWildPointer;
			sourceTree = "<group>";
		};
/* End PBXGroup section */

/* Begin PBXNativeTarget section */
		2BB14ED121CBB082008A9EA2 /* WildPointer */ = {
			isa = PBXNativeTarget;
			buildConfigurationList = 2BB14EE821CBB084008A9EA2 /* Build configuration list for PBXNativeTarget "WildPointer" */;
			buildPhases = (
				2BB14ECE21CBB082008A9EA2 /* Sources */,
				2BB14ECF21CBB082008A9EA2 /* Frameworks */,
				2BB14ED021CBB082008A9EA2 /* Resources */,
			);
			buildRules = (
			);
			dependencies = (
			);
			name = WildPointer;
			productName = WildPointer;
			productReference = 2BB14ED221CBB082008A9EA2 /* WildPointer.app */;
			productType = "com.apple.product-type.application";
		};
/* End PBXNativeTarget section */

/* Begin PBXProject section */
		2BB14ECA21CBB082008A9EA2 /* Project object */ = {
			isa = PBXProject;
			attributes = {
				LastUpgradeCheck = 1010;
				ORGANIZATIONNAME = "Zheng,Yuxin";
				TargetAttributes = {
					2BB14ED121CBB082008A9EA2 = {
						CreatedOnToolsVersion = 10.1;
					};
				};
			};
			buildConfigurationList = 2BB14ECD21CBB082008A9EA2 /* Build configuration list for PBXProject "WildPointer" */;
			compatibilityVersion = "Xcode 9.3";
			developmentRegion = en;
			hasScannedForEncodings = 0;
			knownRegions = (
				en,
				Base,
			);
			mainGroup = 2BB14EC921CBB082008A9EA2;
			productRefGroup = 2BB14ED321CBB082008A9EA2 /* Products */;
			projectDirPath = "";
			projectRoot = "";
			targets = (
				2BB14ED121CBB082008A9EA2 /* WildPointer */,
			);
		};
/* End PBXProject section */

/* Begin PBXResourcesBuildPhase section */
		2BB14ED021CBB082008A9EA2 /* Resources */ = {
			isa = PBXResourcesBuildPhase;
			buildActionMask = 2147483647;
			files = (
				2BB14EE221CBB084008A9EA2 /* LaunchScreen.storyboard in Resources */,
				2BB14EDF21CBB084008A9EA2 /* Assets.xcassets in Resources */,
				2BB14EDD21CBB082008A9EA2 /* Main.storyboard in Resources */,
			);
			runOnlyForDeploymentPostprocessing = 0;
		};
/* End PBXResourcesBuildPhase section */

/* Begin PBXSourcesBuildPhase section */
		2BB14ECE21CBB082008A9EA2 /* Sources */ = {
			isa = PBXSourcesBuildPhase;
			buildActionMask = 2147483647;
			files = (
				2BB14EDA21CBB082008A9EA2 /* ViewController.m in Sources */,
				2BB14EF121CBBB87008A9EA2 /* fishhook.c in Sources */,
				2BB14EEE21CBB7F5008A9EA2 /* ZYXWildPointerTool.m in Sources */,
				2BB14F0021CD00DE008A9EA2 /* ZYXQueue.c in Sources */,
				2BB14EE521CBB084008A9EA2 /* main.m in Sources */,
				2BB14ED721CBB082008A9EA2 /* AppDelegate.m in Sources */,
			);
			runOnlyForDeploymentPostprocessing = 0;
		};
/* End PBXSourcesBuildPhase section */

/* Begin PBXVariantGroup section */
		2BB14EDB21CBB082008A9EA2 /* Main.storyboard */ = {
			isa = PBXVariantGroup;
			children = (
				2BB14EDC21CBB082008A9EA2 /* Base */,
			);
			name = Main.storyboard;
			sourceTree = "<group>";
		};
		2BB14EE021CBB084008A9EA2 /* LaunchScreen.storyboard */ = {
			isa = PBXVariantGroup;
			children = (
				2BB14EE121CBB084008A9EA2 /* Base */,
			);
			name = LaunchScreen.storyboard;
			sourceTree = "<group>";
		};
/* End PBXVariantGroup section */

/* Begin XCBuildConfiguration section */
		2BB14EE621CBB084008A9EA2 /* Debug */ = {
			isa = XCBuildConfiguration;
			buildSettings = {
				ALWAYS_SEARCH_USER_PATHS = NO;
				CLANG_ANALYZER_NONNULL = YES;
				CLANG_ANALYZER_NUMBER_OBJECT_CONVERSION = YES_AGGRESSIVE;
				CLANG_CXX_LANGUAGE_STANDARD = "gnu++14";
				CLANG_CXX_LIBRARY = "libc++";
				CLANG_ENABLE_MODULES = YES;
				CLANG_ENABLE_OBJC_ARC = YES;
				CLANG_ENABLE_OBJC_WEAK = YES;
				CLANG_WARN_BLOCK_CAPTURE_AUTORELEASING = YES;
				CLANG_WARN_BOOL_CONVERSION = YES;
				CLANG_WARN_COMMA = YES;
				CLANG_WARN_CONSTANT_CONVERSION = YES;
				CLANG_WARN_DEPRECATED_OBJC_IMPLEMENTATIONS = YES;
				CLANG_WARN_DIRECT_OBJC_ISA_USAGE = YES_ERROR;
				CLANG_WARN_DOCUMENTATION_COMMENTS = YES;
				CLANG_WARN_EMPTY_BODY = YES;
				CLANG_WARN_ENUM_CONVERSION = YES;
				CLANG_WARN_INFINITE_RECURSION = YES;
				CLANG_WARN_INT_CONVERSION = YES;
				CLANG_WARN_NON_LITERAL_NULL_CONVERSION = YES;
				CLANG_WARN_OBJC_IMPLICIT_RETAIN_SELF = YES;
				CLANG_WARN_OBJC_LITERAL_CONVERSION = YES;
				CLANG_WARN_OBJC_ROOT_CLASS = YES_ERROR;
				CLANG_WARN_RANGE_LOOP_ANALYSIS = YES;
				CLANG_WARN_STRICT_PROTOTYPES = YES;
				CLANG_WARN_SUSPICIOUS_MOVE = YES;
				CLANG_WARN_UNGUARDED_AVAILABILITY = YES_AGGRESSIVE;
				CLANG_WARN_UNREACHABLE_CODE = YES;
				CLANG_WARN__DUPLICATE_METHOD_MATCH = YES;
				CODE_SIGN_IDENTITY = "iPhone Developer";
				COPY_PHASE_STRIP = NO;
				DEBUG_INFORMATION_FORMAT = dwarf;
				ENABLE_STRICT_OBJC_MSGSEND = YES;
				ENABLE_TESTABILITY = YES;
				GCC_C_LANGUAGE_STANDARD = gnu11;
				GCC_DYNAMIC_NO_PIC = NO;
				GCC_NO_COMMON_BLOCKS = YES;
				GCC_OPTIMIZATION_LEVEL = 0;
				GCC_PREPROCESSOR_DEFINITIONS = (
					"DEBUG=1",
					"$(inherited)",
				);
				GCC_WARN_64_TO_32_BIT_CONVERSION = YES;
				GCC_WARN_ABOUT_RETURN_TYPE = YES_ERROR;
				GCC_WARN_UNDECLARED_SELECTOR = YES;
				GCC_WARN_UNINITIALIZED_AUTOS = YES_AGGRESSIVE;
				GCC_WARN_UNUSED_FUNCTION = YES;
				GCC_WARN_UNUSED_VARIABLE = YES;
				IPHONEOS_DEPLOYMENT_TARGET = 12.1;
				MTL_ENABLE_DEBUG_INFO = INCLUDE_SOURCE;
				MTL_FAST_MATH = YES;
				ONLY_ACTIVE_ARCH = YES;
				SDKROOT = iphoneos;
			};
			name = Debug;
		};
		2BB14EE721CBB084008A9EA2 /* Release */ = {
			isa = XCBuildConfiguration;
			buildSettings = {
				ALWAYS_SEARCH_USER_PATHS = NO;
				CLANG_ANALYZER_NONNULL = YES;
				CLANG_ANALYZER_NUMBER_OBJECT_CONVERSION = YES_AGGRESSIVE;
				CLANG_CXX_LANGUAGE_STANDARD = "gnu++14";
				CLANG_CXX_LIBRARY = "libc++";
				CLANG_ENABLE_MODULES = YES;
				CLANG_ENABLE_OBJC_ARC = YES;
				CLANG_ENABLE_OBJC_WEAK = YES;
				CLANG_WARN_BLOCK_CAPTURE_AUTORELEASING = YES;
				CLANG_WARN_BOOL_CONVERSION = YES;
				CLANG_WARN_COMMA = YES;
				CLANG_WARN_CONSTANT_CONVERSION = YES;
				CLANG_WARN_DEPRECATED_OBJC_IMPLEMENTATIONS = YES;
				CLANG_WARN_DIRECT_OBJC_ISA_USAGE = YES_ERROR;
				CLANG_WARN_DOCUMENTATION_COMMENTS = YES;
				CLANG_WARN_EMPTY_BODY = YES;
				CLANG_WARN_ENUM_CONVERSION = YES;
				CLANG_WARN_INFINITE_RECURSION = YES;
				CLANG_WARN_INT_CONVERSION = YES;
				CLANG_WARN_NON_LITERAL_NULL_CONVERSION = YES;
				CLANG_WARN_OBJC_IMPLICIT_RETAIN_SELF = YES;
				CLANG_WARN_OBJC_LITERAL_CONVERSION = YES;
				CLANG_WARN_OBJC_ROOT_CLASS = YES_ERROR;
				CLANG_WARN_RANGE_LOOP_ANALYSIS = YES;
				CLANG_WARN_STRICT_PROTOTYPES = YES;
				CLANG_WARN_SUSPICIOUS_MOVE = YES;
				CLANG_WARN_UNGUARDED_AVAILABILITY = YES_AGGRESSIVE;
				CLANG_WARN_UNREACHABLE_CODE = YES;
				CLANG_WARN__DUPLICATE_METHOD_MATCH = YES;
				CODE_SIGN_IDENTITY = "iPhone Developer";
				COPY_PHASE_STRIP = NO;
				DEBUG_INFORMATION_FORMAT = "dwarf-with-dsym";
				ENABLE_NS_ASSERTIONS = NO;
				ENABLE_STRICT_OBJC_MSGSEND = YES;
				GCC_C_LANGUAGE_STANDARD = gnu11;
				GCC_NO_COMMON_BLOCKS = YES;
				GCC_WARN_64_TO_32_BIT_CONVERSION = YES;
				GCC_WARN_ABOUT_RETURN_TYPE = YES_ERROR;
				GCC_WARN_UNDECLARED_SELECTOR = YES;
				GCC_WARN_UNINITIALIZED_AUTOS = YES_AGGRESSIVE;
				GCC_WARN_UNUSED_FUNCTION = YES;
				GCC_WARN_UNUSED_VARIABLE = YES;
				IPHONEOS_DEPLOYMENT_TARGET = 12.1;
				MTL_ENABLE_DEBUG_INFO = NO;
				MTL_FAST_MATH = YES;
				SDKROOT = iphoneos;
				VALIDATE_PRODUCT = YES;
			};
			name = Release;
		};
		2BB14EE921CBB084008A9EA2 /* Debug */ = {
			isa = XCBuildConfiguration;
			buildSettings = {
				ASSETCATALOG_COMPILER_APPICON_NAME = AppIcon;
				CODE_SIGN_STYLE = Automatic;
				DEVELOPMENT_TEAM = 5R78HF4472;
				INFOPLIST_FILE = WildPointer/Info.plist;
				LD_RUNPATH_SEARCH_PATHS = (
					"$(inherited)",
					"@executable_path/Frameworks",
				);
				PRODUCT_BUNDLE_IDENTIFIER = com.baidu.zhengyuxin.WildPointer;
				PRODUCT_NAME = "$(TARGET_NAME)";
				TARGETED_DEVICE_FAMILY = "1,2";
			};
			name = Debug;
		};
		2BB14EEA21CBB084008A9EA2 /* Release */ = {
			isa = XCBuildConfiguration;
			buildSettings = {
				ASSETCATALOG_COMPILER_APPICON_NAME = AppIcon;
				CODE_SIGN_STYLE = Automatic;
				DEVELOPMENT_TEAM = 5R78HF4472;
				INFOPLIST_FILE = WildPointer/Info.plist;
				LD_RUNPATH_SEARCH_PATHS = (
					"$(inherited)",
					"@executable_path/Frameworks",
				);
				PRODUCT_BUNDLE_IDENTIFIER = com.baidu.zhengyuxin.WildPointer;
				PRODUCT_NAME = "$(TARGET_NAME)";
				TARGETED_DEVICE_FAMILY = "1,2";
			};
			name = Release;
		};
/* End XCBuildConfiguration section */

/* Begin XCConfigurationList section */
		2BB14ECD21CBB082008A9EA2 /* Build configuration list for PBXProject "WildPointer" */ = {
			isa = XCConfigurationList;
			buildConfigurations = (
				2BB14EE621CBB084008A9EA2 /* Debug */,
				2BB14EE721CBB084008A9EA2 /* Release */,
			);
			defaultConfigurationIsVisible = 0;
			defaultConfigurationName = Release;
		};
		2BB14EE821CBB084008A9EA2 /* Build configuration list for PBXNativeTarget "WildPointer" */ = {
			isa = XCConfigurationList;
			buildConfigurations = (
				2BB14EE921CBB084008A9EA2 /* Debug */,
				2BB14EEA21CBB084008A9EA2 /* Release */,
			);
			defaultConfigurationIsVisible = 0;
			defaultConfigurationName = Release;
		};
/* End XCConfigurationList section */
	};
	rootObject = 2BB14ECA21CBB082008A9EA2 /* Project object */;
}
